
Microsoft Visual Studio Solution File, Format Version 12.00
# Visual Studio Version 17
VisualStudioVersion = 17.11.35312.102
MinimumVisualStudioVersion = 10.0.40219.1
Project("{9A19103F-16F7-4668-BE54-9A1E7A4F7556}") = "Zafiro.Avalonia.Dialogs", "src\Zafiro.Avalonia.Dialogs\Zafiro.Avalonia.Dialogs.csproj", "{94A2F49C-AAAA-4C94-879E-2F74FDDFF423}"
EndProject
Project("{9A19103F-16F7-4668-BE54-9A1E7A4F7556}") = "Zafiro.Avalonia", "src\Zafiro.Avalonia\Zafiro.Avalonia.csproj", "{7E270C24-4440-4BDB-889D-6CA65C082AD1}"
EndProject
Project("{2150E333-8FDC-42A3-9474-1A3956D46DE8}") = "Samples", "Samples", "{022A4D50-4916-4866-833D-89E8A1C3E90B}"
EndProject
Project("{9A19103F-16F7-4668-BE54-9A1E7A4F7556}") = "TestApp", "samples\TestApp\TestApp\TestApp.csproj", "{0B28296D-9B99-45C7-B9AC-6EBB7DCF22A1}"
EndProject
Project("{9A19103F-16F7-4668-BE54-9A1E7A4F7556}") = "TestApp.Desktop", "samples\TestApp\TestApp.Desktop\TestApp.Desktop.csproj", "{562DA12A-1D8E-4DB8-9279-059677AED984}"
EndProject
Project("{2150E333-8FDC-42A3-9474-1A3956D46DE8}") = "ControlLibrary", "ControlLibrary", "{41A6E3E0-9492-4B68-B308-40F2A7ED0623}"
EndProject
Project("{9A19103F-16F7-4668-BE54-9A1E7A4F7556}") = "Zafiro.Avalonia.DataViz", "src\Zafiro.Avalonia.DataViz\Zafiro.Avalonia.DataViz.csproj", "{ACAFB523-C9C0-47BA-9870-7148DE5C0835}"
EndProject
Project("{9A19103F-16F7-4668-BE54-9A1E7A4F7556}") = "Zafiro.Avalonia.Generators", "src\Zafiro.Avalonia.Generators\Zafiro.Avalonia.Generators.csproj", "{D2993F32-C840-4A28-BBC4-986DF7299073}"
EndProject
Project("{FAE04EC0-301F-11D3-BF4B-00C04F79EFBC}") = "TestApp.Browser", "samples\TestApp\TestApp.Browser\TestApp.Browser.csproj", "{CAABEB4C-9AFC-4DDB-A7A3-D3E22EA2FEA8}"
EndProject
Project("{FAE04EC0-301F-11D3-BF4B-00C04F79EFBC}") = "TestApp.Android", "samples\TestApp\TestApp.Android\TestApp.Android.csproj", "{29CBCEF5-CE95-448F-B4B9-CED49813AA75}"
EndProject
Project("{2150E333-8FDC-42A3-9474-1A3956D46DE8}") = "Libs", "Libs", "{63B0828E-EB42-44BA-A379-B79CAA87D2A2}"
EndProject
Project("{FAE04EC0-301F-11D3-BF4B-00C04F79EFBC}") = "Zafiro", "libs\Zafiro\src\Zafiro\Zafiro.csproj", "{D3F322B1-ABDF-44F7-AC8E-80B222454D77}"
EndProject
Project("{FAE04EC0-301F-11D3-BF4B-00C04F79EFBC}") = "Zafiro.UI", "libs\Zafiro\src\Zafiro.UI\Zafiro.UI.csproj", "{E4EA3AF2-1531-470C-B19B-A7F5BDABD97B}"
EndProject
Project("{2150E333-8FDC-42A3-9474-1A3956D46DE8}") = "Other files", "Other files", "{5C17C740-EF9B-4539-92BB-43CE92250490}"
	ProjectSection(SolutionItems) = preProject
		azure-pipelines.yml = azure-pipelines.yml
		Directory.Packages.props = Directory.Packages.props
		src\Common.props = src\Common.props
	EndProjectSection
EndProject
Project("{2150E333-8FDC-42A3-9474-1A3956D46DE8}") = "Other Files", "Other Files", "{B04CCE9E-1D68-4156-B622-C33451058975}"
	ProjectSection(SolutionItems) = preProject
		libs\Zafiro\Directory.Packages.props = libs\Zafiro\Directory.Packages.props
	EndProjectSection
EndProject
Global
	GlobalSection(SolutionConfigurationPlatforms) = preSolution
		Debug|Any CPU = Debug|Any CPU
		Release|Any CPU = Release|Any CPU
	EndGlobalSection
	GlobalSection(ProjectConfigurationPlatforms) = postSolution
		{94A2F49C-AAAA-4C94-879E-2F74FDDFF423}.Debug|Any CPU.ActiveCfg = Debug|Any CPU
		{94A2F49C-AAAA-4C94-879E-2F74FDDFF423}.Debug|Any CPU.Build.0 = Debug|Any CPU
		{94A2F49C-AAAA-4C94-879E-2F74FDDFF423}.Release|Any CPU.ActiveCfg = Release|Any CPU
		{94A2F49C-AAAA-4C94-879E-2F74FDDFF423}.Release|Any CPU.Build.0 = Release|Any CPU
		{7E270C24-4440-4BDB-889D-6CA65C082AD1}.Debug|Any CPU.ActiveCfg = Debug|Any CPU
		{7E270C24-4440-4BDB-889D-6CA65C082AD1}.Debug|Any CPU.Build.0 = Debug|Any CPU
		{7E270C24-4440-4BDB-889D-6CA65C082AD1}.Release|Any CPU.ActiveCfg = Release|Any CPU
		{7E270C24-4440-4BDB-889D-6CA65C082AD1}.Release|Any CPU.Build.0 = Release|Any CPU
		{0B28296D-9B99-45C7-B9AC-6EBB7DCF22A1}.Debug|Any CPU.ActiveCfg = Debug|Any CPU
		{0B28296D-9B99-45C7-B9AC-6EBB7DCF22A1}.Debug|Any CPU.Build.0 = Debug|Any CPU
		{0B28296D-9B99-45C7-B9AC-6EBB7DCF22A1}.Release|Any CPU.ActiveCfg = Release|Any CPU
		{0B28296D-9B99-45C7-B9AC-6EBB7DCF22A1}.Release|Any CPU.Build.0 = Release|Any CPU
		{562DA12A-1D8E-4DB8-9279-059677AED984}.Debug|Any CPU.ActiveCfg = Debug|Any CPU
		{562DA12A-1D8E-4DB8-9279-059677AED984}.Debug|Any CPU.Build.0 = Debug|Any CPU
		{562DA12A-1D8E-4DB8-9279-059677AED984}.Release|Any CPU.ActiveCfg = Release|Any CPU
		{562DA12A-1D8E-4DB8-9279-059677AED984}.Release|Any CPU.Build.0 = Release|Any CPU
		{ACAFB523-C9C0-47BA-9870-7148DE5C0835}.Debug|Any CPU.ActiveCfg = Debug|Any CPU
		{ACAFB523-C9C0-47BA-9870-7148DE5C0835}.Debug|Any CPU.Build.0 = Debug|Any CPU
		{ACAFB523-C9C0-47BA-9870-7148DE5C0835}.Release|Any CPU.ActiveCfg = Release|Any CPU
		{ACAFB523-C9C0-47BA-9870-7148DE5C0835}.Release|Any CPU.Build.0 = Release|Any CPU
		{CAABEB4C-9AFC-4DDB-A7A3-D3E22EA2FEA8}.Debug|Any CPU.ActiveCfg = Debug|Any CPU
		{CAABEB4C-9AFC-4DDB-A7A3-D3E22EA2FEA8}.Debug|Any CPU.Build.0 = Debug|Any CPU
		{CAABEB4C-9AFC-4DDB-A7A3-D3E22EA2FEA8}.Release|Any CPU.ActiveCfg = Release|Any CPU
		{CAABEB4C-9AFC-4DDB-A7A3-D3E22EA2FEA8}.Release|Any CPU.Build.0 = Release|Any CPU
		{29CBCEF5-CE95-448F-B4B9-CED49813AA75}.Debug|Any CPU.ActiveCfg = Debug|Any CPU
		{29CBCEF5-CE95-448F-B4B9-CED49813AA75}.Debug|Any CPU.Build.0 = Debug|Any CPU
		{29CBCEF5-CE95-448F-B4B9-CED49813AA75}.Release|Any CPU.ActiveCfg = Release|Any CPU
		{29CBCEF5-CE95-448F-B4B9-CED49813AA75}.Release|Any CPU.Build.0 = Release|Any CPU
		{D3F322B1-ABDF-44F7-AC8E-80B222454D77}.Debug|Any CPU.ActiveCfg = Debug|Any CPU
		{D3F322B1-ABDF-44F7-AC8E-80B222454D77}.Debug|Any CPU.Build.0 = Debug|Any CPU
		{D3F322B1-ABDF-44F7-AC8E-80B222454D77}.Release|Any CPU.ActiveCfg = Release|Any CPU
		{D3F322B1-ABDF-44F7-AC8E-80B222454D77}.Release|Any CPU.Build.0 = Release|Any CPU
		{E4EA3AF2-1531-470C-B19B-A7F5BDABD97B}.Debug|Any CPU.ActiveCfg = Debug|Any CPU
		{E4EA3AF2-1531-470C-B19B-A7F5BDABD97B}.Debug|Any CPU.Build.0 = Debug|Any CPU
		{E4EA3AF2-1531-470C-B19B-A7F5BDABD97B}.Release|Any CPU.ActiveCfg = Release|Any CPU
		{E4EA3AF2-1531-470C-B19B-A7F5BDABD97B}.Release|Any CPU.Build.0 = Release|Any CPU
																{D2993F32-C840-4A28-BBC4-986DF7299073}.Debug|Any CPU.ActiveCfg = Debug|Any CPU
																{D2993F32-C840-4A28-BBC4-986DF7299073}.Debug|Any CPU.Build.0 = Debug|Any CPU
																{D2993F32-C840-4A28-BBC4-986DF7299073}.Release|Any CPU.ActiveCfg = Release|Any CPU
																{D2993F32-C840-4A28-BBC4-986DF7299073}.Release|Any CPU.Build.0 = Release|Any CPU
	EndGlobalSection
	GlobalSection(SolutionProperties) = preSolution
		HideSolutionNode = FALSE
	EndGlobalSection
	GlobalSection(NestedProjects) = preSolution
		{0B28296D-9B99-45C7-B9AC-6EBB7DCF22A1} = {41A6E3E0-9492-4B68-B308-40F2A7ED0623}
		{562DA12A-1D8E-4DB8-9279-059677AED984} = {41A6E3E0-9492-4B68-B308-40F2A7ED0623}
		{41A6E3E0-9492-4B68-B308-40F2A7ED0623} = {022A4D50-4916-4866-833D-89E8A1C3E90B}
		{CAABEB4C-9AFC-4DDB-A7A3-D3E22EA2FEA8} = {41A6E3E0-9492-4B68-B308-40F2A7ED0623}
		{29CBCEF5-CE95-448F-B4B9-CED49813AA75} = {41A6E3E0-9492-4B68-B308-40F2A7ED0623}
		{D3F322B1-ABDF-44F7-AC8E-80B222454D77} = {63B0828E-EB42-44BA-A379-B79CAA87D2A2}
		{E4EA3AF2-1531-470C-B19B-A7F5BDABD97B} = {63B0828E-EB42-44BA-A379-B79CAA87D2A2}
		{B04CCE9E-1D68-4156-B622-C33451058975} = {63B0828E-EB42-44BA-A379-B79CAA87D2A2}
	EndGlobalSection
	GlobalSection(ExtensibilityGlobals) = postSolution
		SolutionGuid = {E64CD420-15B1-487C-9806-41EBE6DC15A4}
	EndGlobalSection
EndGlobal
