
Microsoft Visual Studio Solution File, Format Version 12.00
# Visual Studio Version 17
VisualStudioVersion = 17.0.31912.275
MinimumVisualStudioVersion = 10.0.40219.1
Project("{9A19103F-16F7-4668-BE54-9A1E7A4F7556}") = "Zafiro.Avalonia", "Zafiro.Avalonia\Zafiro.Avalonia.csproj", "{B7261318-9877-4651-BD01-1A2E0CE1BA14}"
EndProject
Project("{9A19103F-16F7-4668-BE54-9A1E7A4F7556}") = "FlyoutSample", "FlyoutSample\FlyoutSample.csproj", "{F6732272-AAD3-41DE-9A21-565A6E420D64}"
EndProject
Project("{2150E333-8FDC-42A3-9474-1A3956D46DE8}") = "Testers", "Testers", "{054C23B9-FCEB-43C4-B8F5-24AB59670ADA}"
EndProject
Global
	GlobalSection(SolutionConfigurationPlatforms) = preSolution
		Debug|Any CPU = Debug|Any CPU
		Release|Any CPU = Release|Any CPU
	EndGlobalSection
	GlobalSection(ProjectConfigurationPlatforms) = postSolution
		{B7261318-9877-4651-BD01-1A2E0CE1BA14}.Debug|Any CPU.ActiveCfg = Debug|Any CPU
		{B7261318-9877-4651-BD01-1A2E0CE1BA14}.Debug|Any CPU.Build.0 = Debug|Any CPU
		{B7261318-9877-4651-BD01-1A2E0CE1BA14}.Release|Any CPU.ActiveCfg = Release|Any CPU
		{B7261318-9877-4651-BD01-1A2E0CE1BA14}.Release|Any CPU.Build.0 = Release|Any CPU
		{F6732272-AAD3-41DE-9A21-565A6E420D64}.Debug|Any CPU.ActiveCfg = Debug|Any CPU
		{F6732272-AAD3-41DE-9A21-565A6E420D64}.Debug|Any CPU.Build.0 = Debug|Any CPU
		{F6732272-AAD3-41DE-9A21-565A6E420D64}.Release|Any CPU.ActiveCfg = Release|Any CPU
		{F6732272-AAD3-41DE-9A21-565A6E420D64}.Release|Any CPU.Build.0 = Release|Any CPU
	EndGlobalSection
	GlobalSection(SolutionProperties) = preSolution
		HideSolutionNode = FALSE
	EndGlobalSection
	GlobalSection(NestedProjects) = preSolution
		{F6732272-AAD3-41DE-9A21-565A6E420D64} = {054C23B9-FCEB-43C4-B8F5-24AB59670ADA}
	EndGlobalSection
	GlobalSection(ExtensibilityGlobals) = postSolution
		SolutionGuid = {C43AF265-4D42-4B60-AEF7-829FF94E6F33}
	EndGlobalSection
EndGlobal
