
Microsoft Visual Studio Solution File, Format Version 12.00
# Visual Studio Version 17
VisualStudioVersion = 17.5.33516.290
MinimumVisualStudioVersion = 10.0.40219.1
Project("{9A19103F-16F7-4668-BE54-9A1E7A4F7556}") = "Zafiro.Avalonia.Dialogs", "src\Zafiro.Avalonia.Dialogs\Zafiro.Avalonia.Dialogs.csproj", "{94A2F49C-AAAA-4C94-879E-2F74FDDFF423}"
EndProject
Project("{9A19103F-16F7-4668-BE54-9A1E7A4F7556}") = "_build", "build\_build.csproj", "{F896589E-962B-4D13-8111-CCB4006FE56B}"
EndProject
Project("{9A19103F-16F7-4668-BE54-9A1E7A4F7556}") = "Zafiro.Avalonia", "src\Zafiro.Avalonia\Zafiro.Avalonia.csproj", "{7E270C24-4440-4BDB-889D-6CA65C082AD1}"
EndProject
Project("{2150E333-8FDC-42A3-9474-1A3956D46DE8}") = "Samples", "Samples", "{022A4D50-4916-4866-833D-89E8A1C3E90B}"
EndProject
Project("{9A19103F-16F7-4668-BE54-9A1E7A4F7556}") = "TestApp", "samples\TestApp\TestApp\TestApp.csproj", "{0B28296D-9B99-45C7-B9AC-6EBB7DCF22A1}"
EndProject
Project("{9A19103F-16F7-4668-BE54-9A1E7A4F7556}") = "TestApp.Desktop", "samples\TestApp\TestApp.Desktop\TestApp.Desktop.csproj", "{562DA12A-1D8E-4DB8-9279-059677AED984}"
EndProject
Project("{9A19103F-16F7-4668-BE54-9A1E7A4F7556}") = "TestApp.Android", "samples\TestApp\TestApp.Android\TestApp.Android.csproj", "{10A9EB55-8394-47D7-839B-E47F8932F16C}"
EndProject
Project("{9A19103F-16F7-4668-BE54-9A1E7A4F7556}") = "Zafiro.Avalonia.FileExplorer", "src\Zafiro.Avalonia.FileExplorer\Zafiro.Avalonia.FileExplorer.csproj", "{446B72FF-6A7D-4158-B21C-E9CA87BB4A20}"
EndProject
Project("{2150E333-8FDC-42A3-9474-1A3956D46DE8}") = "Controls", "Controls", "{41A6E3E0-9492-4B68-B308-40F2A7ED0623}"
EndProject
Project("{2150E333-8FDC-42A3-9474-1A3956D46DE8}") = "FileExplorer", "FileExplorer", "{5A7D3F1E-067D-443D-8E3A-4B8E0B24608D}"
EndProject
Project("{FAE04EC0-301F-11D3-BF4B-00C04F79EFBC}") = "SampleFileExplorer", "samples\FileExplorer\SampleFileExplorer\SampleFileExplorer.csproj", "{A14CD472-4466-4113-9661-F64C4F8A607C}"
EndProject
Global
	GlobalSection(SolutionConfigurationPlatforms) = preSolution
		Debug|Any CPU = Debug|Any CPU
		Release|Any CPU = Release|Any CPU
	EndGlobalSection
	GlobalSection(ProjectConfigurationPlatforms) = postSolution
		{94A2F49C-AAAA-4C94-879E-2F74FDDFF423}.Debug|Any CPU.ActiveCfg = Debug|Any CPU
		{94A2F49C-AAAA-4C94-879E-2F74FDDFF423}.Debug|Any CPU.Build.0 = Debug|Any CPU
		{94A2F49C-AAAA-4C94-879E-2F74FDDFF423}.Release|Any CPU.ActiveCfg = Release|Any CPU
		{94A2F49C-AAAA-4C94-879E-2F74FDDFF423}.Release|Any CPU.Build.0 = Release|Any CPU
		{F896589E-962B-4D13-8111-CCB4006FE56B}.Debug|Any CPU.ActiveCfg = Debug|Any CPU
		{F896589E-962B-4D13-8111-CCB4006FE56B}.Release|Any CPU.ActiveCfg = Release|Any CPU
		{7E270C24-4440-4BDB-889D-6CA65C082AD1}.Debug|Any CPU.ActiveCfg = Debug|Any CPU
		{7E270C24-4440-4BDB-889D-6CA65C082AD1}.Debug|Any CPU.Build.0 = Debug|Any CPU
		{7E270C24-4440-4BDB-889D-6CA65C082AD1}.Release|Any CPU.ActiveCfg = Release|Any CPU
		{7E270C24-4440-4BDB-889D-6CA65C082AD1}.Release|Any CPU.Build.0 = Release|Any CPU
		{0B28296D-9B99-45C7-B9AC-6EBB7DCF22A1}.Debug|Any CPU.ActiveCfg = Debug|Any CPU
		{0B28296D-9B99-45C7-B9AC-6EBB7DCF22A1}.Debug|Any CPU.Build.0 = Debug|Any CPU
		{0B28296D-9B99-45C7-B9AC-6EBB7DCF22A1}.Release|Any CPU.ActiveCfg = Release|Any CPU
		{0B28296D-9B99-45C7-B9AC-6EBB7DCF22A1}.Release|Any CPU.Build.0 = Release|Any CPU
		{562DA12A-1D8E-4DB8-9279-059677AED984}.Debug|Any CPU.ActiveCfg = Debug|Any CPU
		{562DA12A-1D8E-4DB8-9279-059677AED984}.Debug|Any CPU.Build.0 = Debug|Any CPU
		{562DA12A-1D8E-4DB8-9279-059677AED984}.Release|Any CPU.ActiveCfg = Release|Any CPU
		{562DA12A-1D8E-4DB8-9279-059677AED984}.Release|Any CPU.Build.0 = Release|Any CPU
		{10A9EB55-8394-47D7-839B-E47F8932F16C}.Debug|Any CPU.ActiveCfg = Debug|Any CPU
		{10A9EB55-8394-47D7-839B-E47F8932F16C}.Debug|Any CPU.Build.0 = Debug|Any CPU
		{10A9EB55-8394-47D7-839B-E47F8932F16C}.Debug|Any CPU.Deploy.0 = Debug|Any CPU
		{10A9EB55-8394-47D7-839B-E47F8932F16C}.Release|Any CPU.ActiveCfg = Release|Any CPU
		{10A9EB55-8394-47D7-839B-E47F8932F16C}.Release|Any CPU.Build.0 = Release|Any CPU
		{10A9EB55-8394-47D7-839B-E47F8932F16C}.Release|Any CPU.Deploy.0 = Release|Any CPU
		{446B72FF-6A7D-4158-B21C-E9CA87BB4A20}.Debug|Any CPU.ActiveCfg = Debug|Any CPU
		{446B72FF-6A7D-4158-B21C-E9CA87BB4A20}.Debug|Any CPU.Build.0 = Debug|Any CPU
		{446B72FF-6A7D-4158-B21C-E9CA87BB4A20}.Release|Any CPU.ActiveCfg = Release|Any CPU
		{446B72FF-6A7D-4158-B21C-E9CA87BB4A20}.Release|Any CPU.Build.0 = Release|Any CPU
		{A14CD472-4466-4113-9661-F64C4F8A607C}.Debug|Any CPU.ActiveCfg = Debug|Any CPU
		{A14CD472-4466-4113-9661-F64C4F8A607C}.Debug|Any CPU.Build.0 = Debug|Any CPU
		{A14CD472-4466-4113-9661-F64C4F8A607C}.Release|Any CPU.ActiveCfg = Release|Any CPU
		{A14CD472-4466-4113-9661-F64C4F8A607C}.Release|Any CPU.Build.0 = Release|Any CPU
	EndGlobalSection
	GlobalSection(SolutionProperties) = preSolution
		HideSolutionNode = FALSE
	EndGlobalSection
	GlobalSection(NestedProjects) = preSolution
		{41A6E3E0-9492-4B68-B308-40F2A7ED0623} = {022A4D50-4916-4866-833D-89E8A1C3E90B}
		{0B28296D-9B99-45C7-B9AC-6EBB7DCF22A1} = {41A6E3E0-9492-4B68-B308-40F2A7ED0623}
		{562DA12A-1D8E-4DB8-9279-059677AED984} = {41A6E3E0-9492-4B68-B308-40F2A7ED0623}
		{10A9EB55-8394-47D7-839B-E47F8932F16C} = {41A6E3E0-9492-4B68-B308-40F2A7ED0623}
		{5A7D3F1E-067D-443D-8E3A-4B8E0B24608D} = {022A4D50-4916-4866-833D-89E8A1C3E90B}
		{A14CD472-4466-4113-9661-F64C4F8A607C} = {5A7D3F1E-067D-443D-8E3A-4B8E0B24608D}
	EndGlobalSection
	GlobalSection(ExtensibilityGlobals) = postSolution
		SolutionGuid = {6309FF7A-E6E5-485B-BAE6-70DD0E37B3BA}
	EndGlobalSection
EndGlobal
